{"SurveyEntry":{"SurveyID":"SV_6Kkf87RfWGrIQ5w","SurveyName":"Click-and-drag elicitation builder template","SurveyDescription":null,"SurveyOwnerID":"UR_1WSEK6KC6VeXz0y","SurveyBrandID":"unil","DivisionID":null,"SurveyLanguage":"EN","SurveyActiveResponseSet":"RS_24451qPNAwYz28m","SurveyStatus":"Inactive","SurveyStartDate":"0000-00-00 00:00:00","SurveyExpirationDate":"0000-00-00 00:00:00","SurveyCreationDate":"2022-09-28 07:39:52","CreatorID":"UR_1WSEK6KC6VeXz0y","LastModified":"2022-10-19 10:08:35","LastAccessed":"0000-00-00 00:00:00","LastActivated":"0000-00-00 00:00:00","Deleted":null},"SurveyElements":[{"SurveyID":"SV_6Kkf87RfWGrIQ5w","Element":"BL","PrimaryAttribute":"Survey Blocks","SecondaryAttribute":null,"TertiaryAttribute":null,"Payload":[{"Type":"Default","Description":"Click-and-drag elicitation builder","ID":"BL_8A1qQupvnjNcAGV","BlockElements":[{"Type":"Question","QuestionID":"QID1"}]},{"Type":"Trash","Description":"Trash \/ Unused Questions","ID":"BL_b89VG1W4bPgdUfb"}]},{"SurveyID":"SV_6Kkf87RfWGrIQ5w","Element":"FL","PrimaryAttribute":"Survey Flow","SecondaryAttribute":null,"TertiaryAttribute":null,"Payload":{"Type":"Root","FlowID":"FL_1","Flow":[{"Type":"EmbeddedData","FlowID":"FL_3","EmbeddedData":[{"Description":"DistributionResult","Type":"Recipient","Field":"DistributionResult","VariableType":"String","DataVisibility":[],"AnalyzeText":false},{"Description":"DistributionHistory","Type":"Recipient","Field":"DistributionHistory","VariableType":"String","DataVisibility":[],"AnalyzeText":false},{"Description":"DistributionXData","Type":"Recipient","Field":"DistributionXData","VariableType":"String","DataVisibility":[],"AnalyzeText":false},{"Description":"DistributionYData","Type":"Recipient","Field":"DistributionYData","VariableType":"String","DataVisibility":[],"AnalyzeText":false}]},{"Type":"Block","ID":"BL_8A1qQupvnjNcAGV","FlowID":"FL_2","Autofill":[]}],"Properties":{"Count":3,"RemovedFieldsets":[]}}},{"SurveyID":"SV_6Kkf87RfWGrIQ5w","Element":"PL","PrimaryAttribute":"Preview Link","SecondaryAttribute":null,"TertiaryAttribute":null,"Payload":{"PreviewType":"Brand","PreviewID":"3b6fcba4-a5fc-4a9e-96d7-6641157146f8"}},{"SurveyID":"SV_6Kkf87RfWGrIQ5w","Element":"RS","PrimaryAttribute":"RS_24451qPNAwYz28m","SecondaryAttribute":null,"TertiaryAttribute":null,"Payload":null},{"SurveyID":"SV_6Kkf87RfWGrIQ5w","Element":"SO","PrimaryAttribute":"Survey Options","SecondaryAttribute":null,"TertiaryAttribute":null,"Payload":{"BackButton":"false","SaveAndContinue":"true","SurveyProtection":"PublicSurvey","BallotBoxStuffingPrevention":"false","NoIndex":"Yes","SecureResponseFiles":"true","SurveyExpiration":"None","SurveyTermination":"DefaultMessage","Header":"<style type=\"text\/css\">.highcharts-series-0 .highcharts-point-hover {\n    cursor: move;\n}\n\n.highcharts-color-0 {\n    fill: #dc3545;\n}\n\n.highcharts-graph {\n    stroke: #ffc107;\n}\n\n.highcharts-area {\n    fill: #ffc107;\n}\n\n.highcharts-figure {\n    position: relative;\n}\n<\/style>\n<link href=\"https:\/\/cdnjs.cloudflare.com\/ajax\/libs\/noUiSlider\/14.7.0\/nouislider.css\" rel=\"stylesheet\" \/>\n<link crossorigin=\"anonymous\" href=\"https:\/\/cdn.jsdelivr.net\/npm\/bootstrap@5.2.1\/dist\/css\/bootstrap.min.css\" integrity=\"sha384-iYQeCzEYFbKjA\/T2uDLTpkwGzCiq6soy8tYaI1GyVh\/UjpbCx\/TYkiZhlZB6+fzT\" rel=\"stylesheet\" \/><script src=\"https:\/\/code.jquery.com\/jquery-3.6.0.min.js\"><\/script><script src=\"https:\/\/code.highcharts.com\/highcharts.js\"><\/script><script src=\"https:\/\/code.highcharts.com\/modules\/draggable-points.js\"><\/script><script src=\"https:\/\/cdnjs.cloudflare.com\/ajax\/libs\/noUiSlider\/14.7.0\/nouislider.min.js\"><\/script><script src=\"https:\/\/cdnjs.cloudflare.com\/ajax\/libs\/mathjs\/10.0.2\/math.js\">\n<\/script><script src=\"https:\/\/cdn.jsdelivr.net\/gh\/beliefelicitation\/qualtrics@1.0.0\/click-drag-elicitation-qualtrics.js\"><\/script>","Footer":"","ProgressBarDisplay":"None","PartialData":"+1 week","ValidationMessage":null,"PreviousButton":"  <<  ","NextButton":"  >>  ","SkinLibrary":"unil","SkinType":"templated","Skin":{"brandingId":null,"templateId":"*base","overrides":null},"NewScoring":1,"libraryId":"","nextButtonMid":"","previousButtonMid":"","headerMid":"","footerMid":"","QuestionsPerPage":"","PageTransition":"None","CustomStyles":[],"HighlightQuestions":"off","SurveyTitle":"Qualtrics Survey | Qualtrics Experience Management","SurveyMetaDescription":"The most powerful, simple and trusted way to gather experience data. Start your journey to experience management and try a free account today.","headerLid":"","EOSMessage":null,"ShowExportTags":"false","CollectGeoLocation":"false","PasswordProtection":"No","AnonymizeResponse":"No","RefererCheck":"No","RecaptchaV3":"false","ConfirmStart":false,"AutoConfirmStart":false,"RelevantID":"false","RelevantIDLockoutPeriod":"+30 days","UseCustomSurveyLinkCompletedMessage":null,"SurveyLinkCompletedMessage":null,"SurveyLinkCompletedMessageLibrary":null,"ResponseSummary":"No","EOSMessageLibrary":null,"EOSRedirectURL":null,"EmailThankYou":"false","ThankYouEmailMessageLibrary":null,"ThankYouEmailMessage":null,"ValidateMessage":"false","ValidationMessageLibrary":null,"InactiveSurvey":"DefaultMessage","PartialDeletion":null,"PartialDataCloseAfter":"LastActivity","InactiveMessageLibrary":null,"InactiveMessage":null,"AvailableLanguages":{"EN":[]},"CustomLanguages":[],"SurveyCreationDate":"2022-09-22 08:58:44","ProtectSelectionIds":true,"SurveyName":"Click-and-drag elicitation builder template"}},{"SurveyID":"SV_6Kkf87RfWGrIQ5w","Element":"SCO","PrimaryAttribute":"Scoring","SecondaryAttribute":null,"TertiaryAttribute":null,"Payload":{"ScoringCategories":[],"ScoringCategoryGroups":[],"ScoringSummaryCategory":null,"ScoringSummaryAfterQuestions":0,"ScoringSummaryAfterSurvey":0,"DefaultScoringCategory":null,"AutoScoringCategory":null}},{"SurveyID":"SV_6Kkf87RfWGrIQ5w","Element":"PROJ","PrimaryAttribute":"CORE","SecondaryAttribute":null,"TertiaryAttribute":"1.1.0","Payload":{"ProjectCategory":"CORE","SchemaVersion":"1.1.0"}},{"SurveyID":"SV_6Kkf87RfWGrIQ5w","Element":"STAT","PrimaryAttribute":"Survey Statistics","SecondaryAttribute":null,"TertiaryAttribute":null,"Payload":{"MobileCompatible":true,"ID":"Survey Statistics"}},{"SurveyID":"SV_6Kkf87RfWGrIQ5w","Element":"QC","PrimaryAttribute":"Survey Question Count","SecondaryAttribute":"1","TertiaryAttribute":null,"Payload":null},{"SurveyID":"SV_6Kkf87RfWGrIQ5w","Element":"SQ","PrimaryAttribute":"QID1","SecondaryAttribute":"Undo Reset Normalize Submit the distribution","TertiaryAttribute":null,"Payload":{"QuestionText":"Predict using the interface: what will the inflation in the Euro Area in 2023 be?\n\n<div style=\"text-align: right;\">\n    <button id=\"undo\"  class=\"btn  btn-warning\"  disabled  type=\"button\">Undo<\/button>\n    <button id=\"reset\" class=\"btn  btn-danger\" disabled  type=\"button\">Reset<\/button>\n    <button id=\"normalize\" class=\"btn btn-primary\" style=\"color: #fff;\"  type=\"button\">Normalize<\/button>\n<\/div>\n\n<div id=\"draw\" data-n_bins=\"11\" data-min=\"0\" data-step=\"1\" data-x_axis_title=\"Distribution\" data-y_axis_title=\"Probability\" data-x_unit=\"%\"><\/div>\n\n<div class=\"mt-2\" style=\"text-align: center;margin-left:50px\">\n <a class=\"btn btn-success\" id=\"SubmitDistribution\">Submit the distribution<\/a>\n<\/div>","QuestionJS":"Qualtrics.SurveyEngine.addOnReady(function()\n{\n\t\/\/ Hide Qualtrics' 'Next' button.\n\t$(\"#NextButton\").hide();\n\t\n\n\t\/\/ Bind a function to store the results to the '#SubmitDistribution' button.\n\t$(\"#SubmitDistribution\").click(function () {\n\t\tvar yData = chart.series[1].yData; \/\/get data from highchart\n\t\tvar xData = chart.series[1].xData;\n\t\tvar sum = yData.reduce((a, b) => a + b, 0); \/\/sum for normalization\n\t\tvar results = yData.map(v => (v \/ sum)); \/\/ normalization\n\t\tvar XYData = xData.map(function(c, i) { return [ c, results[i] ] }); \/\/ merge X and Y arrays like [[x1,y1],[x2,y2],...]\n\t\t\/\/ Store the data in the \"DistributionResult\" and the history in the \"DistributionHistory\" embedded data field, check the 'SurveyFlow'\n\t\tQualtrics.SurveyEngine.setEmbeddedData(\"DistributionResult\", JSON.stringify(XYData));\n\t\tQualtrics.SurveyEngine.setEmbeddedData(\"DistributionYData\", results.join());\n\t\tQualtrics.SurveyEngine.setEmbeddedData(\"DistributionXData\", xData.join());\n\t\tQualtrics.SurveyEngine.setEmbeddedData(\"DistributionHistory\", JSON.stringify(history) );\n\n\t\t$(\"#NextButton\").click();\n\t});\n\t\n});","DefaultChoices":false,"DataExportTag":"Question","QuestionID":"QID1","QuestionType":"DB","Selector":"TB","Configuration":{"QuestionDescriptionOption":"SpecifyLabel"},"QuestionDescription":"Undo Reset Normalize Submit the distribution","ChoiceOrder":[],"Validation":{"Settings":{"Type":"None"}},"GradingData":[],"Language":[],"DataVisibility":{"Private":false,"Hidden":false},"NextChoiceId":1,"NextAnswerId":1,"QuestionText_Unsafe":"<div style=\"text-align: left;\">\n    <button id=\"undo\"  class=\"btn  btn-warning\"  disabled  type=\"button\">Undo<\/button>\n    <button id=\"reset\" class=\"btn  btn-danger\" disabled  type=\"button\">Reset<\/button>\n    <button id=\"normalize\" class=\"btn btn-primary\"   type=\"button\">Normalize<\/button>\n    \n    <\/div>\n\n    <\/div>\n   \n\n   \n\n   \n\n\n  <\/div>\n<div id=\"draw\" data-interface=\"ours\" data-nb_bins=\"21\" data-min=\"0\" data-step=\"0.5\"><\/div>\n <div class=\"mt-2 \" style=\"text-align: center; height: 40px\">\n<a class=\"btn btn-success\" id=\"SubmitDistribution\">Submit the distribution<\/a>\n    <\/div>"}}]}